
Microsoft Visual Studio Solution File, Format Version 12.00
# Visual Studio 14
VisualStudioVersion = 14.0.23107.0
MinimumVisualStudioVersion = 10.0.40219.1
Project("{FAE04EC0-301F-11D3-BF4B-00C04F79EFBC}") = "Graphs", "Graphs\Graphs.csproj", "{2C846EC7-8A2E-4A53-A968-863A453C8D98}"
EndProject
Project("{FAE04EC0-301F-11D3-BF4B-00C04F79EFBC}") = "DirectedGraphs", "DirectedGraphs\DirectedGraphs.csproj", "{0BBB3C85-AE53-4385-BDA7-BFA288A8064D}"
EndProject
Project("{FAE04EC0-301F-11D3-BF4B-00C04F79EFBC}") = "MST", "MST\MST.csproj", "{9B46FB0E-77A7-42E6-A995-DA2A78753F88}"
EndProject
Global
	GlobalSection(SolutionConfigurationPlatforms) = preSolution
		Debug|Any CPU = Debug|Any CPU
		Release|Any CPU = Release|Any CPU
	EndGlobalSection
	GlobalSection(ProjectConfigurationPlatforms) = postSolution
		{2C846EC7-8A2E-4A53-A968-863A453C8D98}.Debug|Any CPU.ActiveCfg = Debug|Any CPU
		{2C846EC7-8A2E-4A53-A968-863A453C8D98}.Debug|Any CPU.Build.0 = Debug|Any CPU
		{2C846EC7-8A2E-4A53-A968-863A453C8D98}.Release|Any CPU.ActiveCfg = Release|Any CPU
		{2C846EC7-8A2E-4A53-A968-863A453C8D98}.Release|Any CPU.Build.0 = Release|Any CPU
		{0BBB3C85-AE53-4385-BDA7-BFA288A8064D}.Debug|Any CPU.ActiveCfg = Debug|Any CPU
		{0BBB3C85-AE53-4385-BDA7-BFA288A8064D}.Debug|Any CPU.Build.0 = Debug|Any CPU
		{0BBB3C85-AE53-4385-BDA7-BFA288A8064D}.Release|Any CPU.ActiveCfg = Release|Any CPU
		{0BBB3C85-AE53-4385-BDA7-BFA288A8064D}.Release|Any CPU.Build.0 = Release|Any CPU
		{9B46FB0E-77A7-42E6-A995-DA2A78753F88}.Debug|Any CPU.ActiveCfg = Debug|Any CPU
		{9B46FB0E-77A7-42E6-A995-DA2A78753F88}.Debug|Any CPU.Build.0 = Debug|Any CPU
		{9B46FB0E-77A7-42E6-A995-DA2A78753F88}.Release|Any CPU.ActiveCfg = Release|Any CPU
		{9B46FB0E-77A7-42E6-A995-DA2A78753F88}.Release|Any CPU.Build.0 = Release|Any CPU
	EndGlobalSection
	GlobalSection(SolutionProperties) = preSolution
		HideSolutionNode = FALSE
	EndGlobalSection
EndGlobal
